
Microsoft Visual Studio Solution File, Format Version 12.00
# Visual Studio Version 16
VisualStudioVersion = 16.0.30002.166
MinimumVisualStudioVersion = 10.0.40219.1
Project("{9A19103F-16F7-4668-BE54-9A1E7A4F7556}") = "DockerHttpClient.Tests", "DockerHttpClient.Tests.csproj", "{F80A8FC0-61BB-48C6-B71F-84B2C6277B8A}"
EndProject
Global
	GlobalSection(SolutionConfigurationPlatforms) = preSolution
		Debug|Any CPU = Debug|Any CPU
		Release|Any CPU = Release|Any CPU
	EndGlobalSection
	GlobalSection(ProjectConfigurationPlatforms) = postSolution
		{F80A8FC0-61BB-48C6-B71F-84B2C6277B8A}.Debug|Any CPU.ActiveCfg = Debug|Any CPU
		{F80A8FC0-61BB-48C6-B71F-84B2C6277B8A}.Debug|Any CPU.Build.0 = Debug|Any CPU
		{F80A8FC0-61BB-48C6-B71F-84B2C6277B8A}.Release|Any CPU.ActiveCfg = Release|Any CPU
		{F80A8FC0-61BB-48C6-B71F-84B2C6277B8A}.Release|Any CPU.Build.0 = Release|Any CPU
	EndGlobalSection
	GlobalSection(SolutionProperties) = preSolution
		HideSolutionNode = FALSE
	EndGlobalSection
	GlobalSection(ExtensibilityGlobals) = postSolution
		SolutionGuid = {047B36CD-AD66-4CA5-B1B4-D7069B4A9351}
	EndGlobalSection
EndGlobal
